
Microsoft Visual Studio Solution File, Format Version 12.00
# Visual Studio Version 16
VisualStudioVersion = 16.0.30517.126
MinimumVisualStudioVersion = 10.0.40219.1
Project("{9A19103F-16F7-4668-BE54-9A1E7A4F7556}") = "WeatherStationTests", "WeatherStationTests\WeatherStationTests.csproj", "{2E816116-988A-4408-A35D-137A5B6A8C3A}"
EndProject
Project("{9A19103F-16F7-4668-BE54-9A1E7A4F7556}") = "WeatherApp", "WeatherApp\WeatherApp.csproj", "{66E8C0D2-CA51-4476-887D-1217F93D1351}"
	ProjectSection(ProjectDependencies) = postProject
		{346AA09B-1711-4751-BA70-611AA3F1A762} = {346AA09B-1711-4751-BA70-611AA3F1A762}
	EndProjectSection
EndProject
Project("{9A19103F-16F7-4668-BE54-9A1E7A4F7556}") = "OpenWeatherAPI", "OpenWeatherAPI\OpenWeatherAPI.csproj", "{346AA09B-1711-4751-BA70-611AA3F1A762}"
EndProject
Global
	GlobalSection(SolutionConfigurationPlatforms) = preSolution
		Debug|Any CPU = Debug|Any CPU
		Release|Any CPU = Release|Any CPU
	EndGlobalSection
	GlobalSection(ProjectConfigurationPlatforms) = postSolution
		{2E816116-988A-4408-A35D-137A5B6A8C3A}.Debug|Any CPU.ActiveCfg = Debug|Any CPU
		{2E816116-988A-4408-A35D-137A5B6A8C3A}.Debug|Any CPU.Build.0 = Debug|Any CPU
		{2E816116-988A-4408-A35D-137A5B6A8C3A}.Release|Any CPU.ActiveCfg = Release|Any CPU
		{2E816116-988A-4408-A35D-137A5B6A8C3A}.Release|Any CPU.Build.0 = Release|Any CPU
		{66E8C0D2-CA51-4476-887D-1217F93D1351}.Debug|Any CPU.ActiveCfg = Debug|Any CPU
		{66E8C0D2-CA51-4476-887D-1217F93D1351}.Debug|Any CPU.Build.0 = Debug|Any CPU
		{66E8C0D2-CA51-4476-887D-1217F93D1351}.Release|Any CPU.ActiveCfg = Release|Any CPU
		{66E8C0D2-CA51-4476-887D-1217F93D1351}.Release|Any CPU.Build.0 = Release|Any CPU
		{346AA09B-1711-4751-BA70-611AA3F1A762}.Debug|Any CPU.ActiveCfg = Debug|Any CPU
		{346AA09B-1711-4751-BA70-611AA3F1A762}.Debug|Any CPU.Build.0 = Debug|Any CPU
		{346AA09B-1711-4751-BA70-611AA3F1A762}.Release|Any CPU.ActiveCfg = Release|Any CPU
		{346AA09B-1711-4751-BA70-611AA3F1A762}.Release|Any CPU.Build.0 = Release|Any CPU
	EndGlobalSection
	GlobalSection(SolutionProperties) = preSolution
		HideSolutionNode = FALSE
	EndGlobalSection
	GlobalSection(ExtensibilityGlobals) = postSolution
		SolutionGuid = {0A87784A-A6F0-40E8-BAD6-931A391C2044}
	EndGlobalSection
EndGlobal
